
Microsoft Visual Studio Solution File, Format Version 12.00
# Visual Studio Version 16
VisualStudioVersion = 16.0.31702.278
MinimumVisualStudioVersion = 10.0.40219.1
Project("{FAE04EC0-301F-11D3-BF4B-00C04F79EFBC}") = "Exo 22 Devoir noté", "Exo 22 Devoir noté\Exo 22 Devoir noté.csproj", "{7C0EC06A-676A-4403-96A5-CB37C9590919}"
EndProject
Global
	GlobalSection(SolutionConfigurationPlatforms) = preSolution
		Debug|Any CPU = Debug|Any CPU
		Release|Any CPU = Release|Any CPU
	EndGlobalSection
	GlobalSection(ProjectConfigurationPlatforms) = postSolution
		{7C0EC06A-676A-4403-96A5-CB37C9590919}.Debug|Any CPU.ActiveCfg = Debug|Any CPU
		{7C0EC06A-676A-4403-96A5-CB37C9590919}.Debug|Any CPU.Build.0 = Debug|Any CPU
		{7C0EC06A-676A-4403-96A5-CB37C9590919}.Release|Any CPU.ActiveCfg = Release|Any CPU
		{7C0EC06A-676A-4403-96A5-CB37C9590919}.Release|Any CPU.Build.0 = Release|Any CPU
	EndGlobalSection
	GlobalSection(SolutionProperties) = preSolution
		HideSolutionNode = FALSE
	EndGlobalSection
	GlobalSection(ExtensibilityGlobals) = postSolution
		SolutionGuid = {29A026F2-2F16-4E60-8A73-A1BF692DEABF}
	EndGlobalSection
EndGlobal
